Microsoft Visual Studio Solution File, Format Version 12.00
# Visual Studio 2012
Project("{FAE04EC0-301F-11D3-BF4B-00C04F79EFBC}") = "CSharp_Agora_Vai", "CSharp_Agora_Vai.csproj", "{8315B255-D483-43BF-BD9A-1EEBBA3A1C58}"
EndProject
Global
	GlobalSection(SolutionConfigurationPlatforms) = preSolution
	Debug|Any CPU = Debug|Any CPU
	ExportDebug|Any CPU = ExportDebug|Any CPU
	ExportRelease|Any CPU = ExportRelease|Any CPU
	EndGlobalSection
	GlobalSection(ProjectConfigurationPlatforms) = postSolution
		{8315B255-D483-43BF-BD9A-1EEBBA3A1C58}.Debug|Any CPU.ActiveCfg = Debug|Any CPU
		{8315B255-D483-43BF-BD9A-1EEBBA3A1C58}.Debug|Any CPU.Build.0 = Debug|Any CPU
		{8315B255-D483-43BF-BD9A-1EEBBA3A1C58}.ExportDebug|Any CPU.ActiveCfg = ExportDebug|Any CPU
		{8315B255-D483-43BF-BD9A-1EEBBA3A1C58}.ExportDebug|Any CPU.Build.0 = ExportDebug|Any CPU
		{8315B255-D483-43BF-BD9A-1EEBBA3A1C58}.ExportRelease|Any CPU.ActiveCfg = ExportRelease|Any CPU
		{8315B255-D483-43BF-BD9A-1EEBBA3A1C58}.ExportRelease|Any CPU.Build.0 = ExportRelease|Any CPU
	EndGlobalSection
EndGlobal
